// !$*UTF8*$!
{
	archiveVersion = 1;
	classes = {
	};
	objectVersion = 46;
	objects = {

/* Begin PBXBuildFile section */
		CE2044EC1CA4695A00684120 /* map_pin.png in Resources */ = {isa = PBXBuildFile; fileRef = CE2044EB1CA4695A00684120 /* map_pin.png */; };
		CE98E2E81C27072A006EF8F6 /* MapKit.framework in Frameworks */ = {isa = PBXBuildFile; fileRef = CE98E2E71C27072A006EF8F6 /* MapKit.framework */; };
		CE98E2EB1C2707F0006EF8F6 /* MapViewController.m in Sources */ = {isa = PBXBuildFile; fileRef = CE98E2EA1C2707F0006EF8F6 /* MapViewController.m */; };
		CE98E2EE1C270C66006EF8F6 /* MyCustomAnnotation.m in Sources */ = {isa = PBXBuildFile; fileRef = CE98E2ED1C270C66006EF8F6 /* MyCustomAnnotation.m */; };
		CE98E2F51C273D8F006EF8F6 /* DetailViewController.m in Sources */ = {isa = PBXBuildFile; fileRef = CE98E2F41C273D8F006EF8F6 /* DetailViewController.m */; };
		CEB444E31C1F4BD10060D3FA /* main.m in Sources */ = {isa = PBXBuildFile; fileRef = CEB444E21C1F4BD10060D3FA /* main.m */; };
		CEB444E61C1F4BD10060D3FA /* AppDelegate.m in Sources */ = {isa = PBXBuildFile; fileRef = CEB444E51C1F4BD10060D3FA /* AppDelegate.m */; };
		CEB444E91C1F4BD10060D3FA /* ViewController.m in Sources */ = {isa = PBXBuildFile; fileRef = CEB444E81C1F4BD10060D3FA /* ViewController.m */; };
		CEB444EC1C1F4BD10060D3FA /* Main.storyboard in Resources */ = {isa = PBXBuildFile; fileRef = CEB444EA1C1F4BD10060D3FA /* Main.storyboard */; };
		CEB444EE1C1F4BD10060D3FA /* Assets.xcassets in Resources */ = {isa = PBXBuildFile; fileRef = CEB444ED1C1F4BD10060D3FA /* Assets.xcassets */; };
		CEB444F11C1F4BD10060D3FA /* LaunchScreen.storyboard in Resources */ = {isa = PBXBuildFile; fileRef = CEB444EF1C1F4BD10060D3FA /* LaunchScreen.storyboard */; };
		CEB444F91C1F532A0060D3FA /* CoreLocation.framework in Frameworks */ = {isa = PBXBuildFile; fileRef = CEB444F81C1F532A0060D3FA /* CoreLocation.framework */; };
		CEC56D6F1C2888980088DEDD /* LocationMapViewController.m in Sources */ = {isa = PBXBuildFile; fileRef = CEC56D6E1C2888980088DEDD /* LocationMapViewController.m */; };
/* End PBXBuildFile section */

/* Begin PBXFileReference section */
		CE2044EB1CA4695A00684120 /* map_pin.png */ = {isa = PBXFileReference; lastKnownFileType = image.png; path = map_pin.png; sourceTree = "<group>"; };
		CE98E2E71C27072A006EF8F6 /* MapKit.framework */ = {isa = PBXFileReference; lastKnownFileType = wrapper.framework; name = MapKit.framework; path = System/Library/Frameworks/MapKit.framework; sourceTree = SDKROOT; };
		CE98E2E91C2707F0006EF8F6 /* MapViewController.h */ = {isa = PBXFileReference; fileEncoding = 4; lastKnownFileType = sourcecode.c.h; path = MapViewController.h; sourceTree = "<group>"; };
		CE98E2EA1C2707F0006EF8F6 /* MapViewController.m */ = {isa = PBXFileReference; fileEncoding = 4; lastKnownFileType = sourcecode.c.objc; path = MapViewController.m; sourceTree = "<group>"; };
		CE98E2EC1C270C66006EF8F6 /* MyCustomAnnotation.h */ = {isa = PBXFileReference; fileEncoding = 4; lastKnownFileType = sourcecode.c.h; path = MyCustomAnnotation.h; sourceTree = "<group>"; };
		CE98E2ED1C270C66006EF8F6 /* MyCustomAnnotation.m */ = {isa = PBXFileReference; fileEncoding = 4; lastKnownFileType = sourcecode.c.objc; path = MyCustomAnnotation.m; sourceTree = "<group>"; };
		CE98E2F31C273D8F006EF8F6 /* DetailViewController.h */ = {isa = PBXFileReference; fileEncoding = 4; lastKnownFileType = sourcecode.c.h; path = DetailViewController.h; sourceTree = "<group>"; };
		CE98E2F41C273D8F006EF8F6 /* DetailViewController.m */ = {isa = PBXFileReference; fileEncoding = 4; lastKnownFileType = sourcecode.c.objc; path = DetailViewController.m; sourceTree = "<group>"; };
		CEB444DE1C1F4BD10060D3FA /* MyLocationDemo.app */ = {isa = PBXFileReference; explicitFileType = wrapper.application; includeInIndex = 0; path = MyLocationDemo.app; sourceTree = BUILT_PRODUCTS_DIR; };
		CEB444E21C1F4BD10060D3FA /* main.m */ = {isa = PBXFileReference; lastKnownFileType = sourcecode.c.objc; path = main.m; sourceTree = "<group>"; };
		CEB444E41C1F4BD10060D3FA /* AppDelegate.h */ = {isa = PBXFileReference; lastKnownFileType = sourcecode.c.h; path = AppDelegate.h; sourceTree = "<group>"; };
		CEB444E51C1F4BD10060D3FA /* AppDelegate.m */ = {isa = PBXFileReference; lastKnownFileType = sourcecode.c.objc; path = AppDelegate.m; sourceTree = "<group>"; };
		CEB444E71C1F4BD10060D3FA /* ViewController.h */ = {isa = PBXFileReference; lastKnownFileType = sourcecode.c.h; path = ViewController.h; sourceTree = "<group>"; };
		CEB444E81C1F4BD10060D3FA /* ViewController.m */ = {isa = PBXFileReference; lastKnownFileType = sourcecode.c.objc; path = ViewController.m; sourceTree = "<group>"; };
		CEB444EB1C1F4BD10060D3FA /* Base */ = {isa = PBXFileReference; lastKnownFileType = file.storyboard; name = Base; path = Base.lproj/Main.storyboard; sourceTree = "<group>"; };
		CEB444ED1C1F4BD10060D3FA /* Assets.xcassets */ = {isa = PBXFileReference; lastKnownFileType = folder.assetcatalog; path = Assets.xcassets; sourceTree = "<group>"; };
		CEB444F01C1F4BD10060D3FA /* Base */ = {isa = PBXFileReference; lastKnownFileType = file.storyboard; name = Base; path = Base.lproj/LaunchScreen.storyboard; sourceTree = "<group>"; };
		CEB444F21C1F4BD10060D3FA /* Info.plist */ = {isa = PBXFileReference; lastKnownFileType = text.plist.xml; path = Info.plist; sourceTree = "<group>"; };
		CEB444F81C1F532A0060D3FA /* CoreLocation.framework */ = {isa = PBXFileReference; lastKnownFileType = wrapper.framework; name = CoreLocation.framework; path = System/Library/Frameworks/CoreLocation.framework; sourceTree = SDKROOT; };
		CEC56D6D1C2888970088DEDD /* LocationMapViewController.h */ = {isa = PBXFileReference; fileEncoding = 4; lastKnownFileType = sourcecode.c.h; path = LocationMapViewController.h; sourceTree = "<group>"; };
		CEC56D6E1C2888980088DEDD /* LocationMapViewController.m */ = {isa = PBXFileReference; fileEncoding = 4; lastKnownFileType = sourcecode.c.objc; path = LocationMapViewController.m; sourceTree = "<group>"; };
/* End PBXFileReference section */

/* Begin PBXFrameworksBuildPhase section */
		CEB444DB1C1F4BD10060D3FA /* Frameworks */ = {
			isa = PBXFrameworksBuildPhase;
			buildActionMask = 2147483647;
			files = (
				CE98E2E81C27072A006EF8F6 /* MapKit.framework in Frameworks */,
				CEB444F91C1F532A0060D3FA /* CoreLocation.framework in Frameworks */,
			);
			runOnlyForDeploymentPostprocessing = 0;
		};
/* End PBXFrameworksBuildPhase section */

/* Begin PBXGroup section */
		CEB444D51C1F4BD10060D3FA = {
			isa = PBXGroup;
			children = (
				CE2044EB1CA4695A00684120 /* map_pin.png */,
				CE98E2E71C27072A006EF8F6 /* MapKit.framework */,
				CEB444F81C1F532A0060D3FA /* CoreLocation.framework */,
				CEB444E01C1F4BD10060D3FA /* MyLocationDemo */,
				CEB444DF1C1F4BD10060D3FA /* Products */,
			);
			sourceTree = "<group>";
		};
		CEB444DF1C1F4BD10060D3FA /* Products */ = {
			isa = PBXGroup;
			children = (
				CEB444DE1C1F4BD10060D3FA /* MyLocationDemo.app */,
			);
			name = Products;
			sourceTree = "<group>";
		};
		CEB444E01C1F4BD10060D3FA /* MyLocationDemo */ = {
			isa = PBXGroup;
			children = (
				CEB444E41C1F4BD10060D3FA /* AppDelegate.h */,
				CEB444E51C1F4BD10060D3FA /* AppDelegate.m */,
				CEB444E71C1F4BD10060D3FA /* ViewController.h */,
				CEB444E81C1F4BD10060D3FA /* ViewController.m */,
				CEB444EA1C1F4BD10060D3FA /* Main.storyboard */,
				CEB444ED1C1F4BD10060D3FA /* Assets.xcassets */,
				CEB444EF1C1F4BD10060D3FA /* LaunchScreen.storyboard */,
				CEB444F21C1F4BD10060D3FA /* Info.plist */,
				CEB444E11C1F4BD10060D3FA /* Supporting Files */,
				CE98E2E91C2707F0006EF8F6 /* MapViewController.h */,
				CE98E2EA1C2707F0006EF8F6 /* MapViewController.m */,
				CE98E2EC1C270C66006EF8F6 /* MyCustomAnnotation.h */,
				CE98E2ED1C270C66006EF8F6 /* MyCustomAnnotation.m */,
				CE98E2F31C273D8F006EF8F6 /* DetailViewController.h */,
				CE98E2F41C273D8F006EF8F6 /* DetailViewController.m */,
				CEC56D6D1C2888970088DEDD /* LocationMapViewController.h */,
				CEC56D6E1C2888980088DEDD /* LocationMapViewController.m */,
			);
			path = MyLocationDemo;
			sourceTree = "<group>";
		};
		CEB444E11C1F4BD10060D3FA /* Supporting Files */ = {
			isa = PBXGroup;
			children = (
				CEB444E21C1F4BD10060D3FA /* main.m */,
			);
			name = "Supporting Files";
			sourceTree = "<group>";
		};
/* End PBXGroup section */

/* Begin PBXNativeTarget section */
		CEB444DD1C1F4BD10060D3FA /* MyLocationDemo */ = {
			isa = PBXNativeTarget;
			buildConfigurationList = CEB444F51C1F4BD10060D3FA /* Build configuration list for PBXNativeTarget "MyLocationDemo" */;
			buildPhases = (
				CEB444DA1C1F4BD10060D3FA /* Sources */,
				CEB444DB1C1F4BD10060D3FA /* Frameworks */,
				CEB444DC1C1F4BD10060D3FA /* Resources */,
			);
			buildRules = (
			);
			dependencies = (
			);
			name = MyLocationDemo;
			productName = MyLocationDemo;
			productReference = CEB444DE1C1F4BD10060D3FA /* MyLocationDemo.app */;
			productType = "com.apple.product-type.application";
		};
/* End PBXNativeTarget section */

/* Begin PBXProject section */
		CEB444D61C1F4BD10060D3FA /* Project object */ = {
			isa = PBXProject;
			attributes = {
				LastUpgradeCheck = 0710;
				ORGANIZATIONNAME = Appcoda;
				TargetAttributes = {
					CEB444DD1C1F4BD10060D3FA = {
						CreatedOnToolsVersion = 7.1.1;
						DevelopmentTeam = 43XGGKF2LL;
					};
				};
			};
			buildConfigurationList = CEB444D91C1F4BD10060D3FA /* Build configuration list for PBXProject "MyLocationDemo" */;
			compatibilityVersion = "Xcode 3.2";
			developmentRegion = English;
			hasScannedForEncodings = 0;
			knownRegions = (
				en,
				Base,
			);
			mainGroup = CEB444D51C1F4BD10060D3FA;
			productRefGroup = CEB444DF1C1F4BD10060D3FA /* Products */;
			projectDirPath = "";
			projectRoot = "";
			targets = (
				CEB444DD1C1F4BD10060D3FA /* MyLocationDemo */,
			);
		};
/* End PBXProject section */

/* Begin PBXResourcesBuildPhase section */
		CEB444DC1C1F4BD10060D3FA /* Resources */ = {
			isa = PBXResourcesBuildPhase;
			buildActionMask = 2147483647;
			files = (
				CEB444F11C1F4BD10060D3FA /* LaunchScreen.storyboard in Resources */,
				CEB444EE1C1F4BD10060D3FA /* Assets.xcassets in Resources */,
				CE2044EC1CA4695A00684120 /* map_pin.png in Resources */,
				CEB444EC1C1F4BD10060D3FA /* Main.storyboard in Resources */,
			);
			runOnlyForDeploymentPostprocessing = 0;
		};
/* End PBXResourcesBuildPhase section */

/* Begin PBXSourcesBuildPhase section */
		CEB444DA1C1F4BD10060D3FA /* Sources */ = {
			isa = PBXSourcesBuildPhase;
			buildActionMask = 2147483647;
			files = (
				CEB444E91C1F4BD10060D3FA /* ViewController.m in Sources */,
				CEC56D6F1C2888980088DEDD /* LocationMapViewController.m in Sources */,
				CEB444E61C1F4BD10060D3FA /* AppDelegate.m in Sources */,
				CEB444E31C1F4BD10060D3FA /* main.m in Sources */,
				CE98E2EB1C2707F0006EF8F6 /* MapViewController.m in Sources */,
				CE98E2EE1C270C66006EF8F6 /* MyCustomAnnotation.m in Sources */,
				CE98E2F51C273D8F006EF8F6 /* DetailViewController.m in Sources */,
			);
			runOnlyForDeploymentPostprocessing = 0;
		};
/* End PBXSourcesBuildPhase section */

/* Begin PBXVariantGroup section */
		CEB444EA1C1F4BD10060D3FA /* Main.storyboard */ = {
			isa = PBXVariantGroup;
			children = (
				CEB444EB1C1F4BD10060D3FA /* Base */,
			);
			name = Main.storyboard;
			sourceTree = "<group>";
		};
		CEB444EF1C1F4BD10060D3FA /* LaunchScreen.storyboard */ = {
			isa = PBXVariantGroup;
			children = (
				CEB444F01C1F4BD10060D3FA /* Base */,
			);
			name = LaunchScreen.storyboard;
			sourceTree = "<group>";
		};
/* End PBXVariantGroup section */

/* Begin XCBuildConfiguration section */
		CEB444F31C1F4BD10060D3FA /* Debug */ = {
			isa = XCBuildConfiguration;
			buildSettings = {
				ALWAYS_SEARCH_USER_PATHS = NO;
				CLANG_CXX_LANGUAGE_STANDARD = "gnu++0x";
				CLANG_CXX_LIBRARY = "libc++";
				CLANG_ENABLE_MODULES = YES;
				CLANG_ENABLE_OBJC_ARC = YES;
				CLANG_WARN_BOOL_CONVERSION = YES;
				CLANG_WARN_CONSTANT_CONVERSION = YES;
				CLANG_WARN_DIRECT_OBJC_ISA_USAGE = YES_ERROR;
				CLANG_WARN_EMPTY_BODY = YES;
				CLANG_WARN_ENUM_CONVERSION = YES;
				CLANG_WARN_INT_CONVERSION = YES;
				CLANG_WARN_OBJC_ROOT_CLASS = YES_ERROR;
				CLANG_WARN_UNREACHABLE_CODE = YES;
				CLANG_WARN__DUPLICATE_METHOD_MATCH = YES;
				"CODE_SIGN_IDENTITY[sdk=iphoneos*]" = "iPhone Developer";
				COPY_PHASE_STRIP = NO;
				DEBUG_INFORMATION_FORMAT = dwarf;
				ENABLE_STRICT_OBJC_MSGSEND = YES;
				ENABLE_TESTABILITY = YES;
				GCC_C_LANGUAGE_STANDARD = gnu99;
				GCC_DYNAMIC_NO_PIC = NO;
				GCC_NO_COMMON_BLOCKS = YES;
				GCC_OPTIMIZATION_LEVEL = 0;
				GCC_PREPROCESSOR_DEFINITIONS = (
					"DEBUG=1",
					"$(inherited)",
				);
				GCC_WARN_64_TO_32_BIT_CONVERSION = YES;
				GCC_WARN_ABOUT_RETURN_TYPE = YES_ERROR;
				GCC_WARN_UNDECLARED_SELECTOR = YES;
				GCC_WARN_UNINITIALIZED_AUTOS = YES_AGGRESSIVE;
				GCC_WARN_UNUSED_FUNCTION = YES;
				GCC_WARN_UNUSED_VARIABLE = YES;
				IPHONEOS_DEPLOYMENT_TARGET = 9.1;
				MTL_ENABLE_DEBUG_INFO = YES;
				ONLY_ACTIVE_ARCH = YES;
				SDKROOT = iphoneos;
			};
			name = Debug;
		};
		CEB444F41C1F4BD10060D3FA /* Release */ = {
			isa = XCBuildConfiguration;
			buildSettings = {
				ALWAYS_SEARCH_USER_PATHS = NO;
				CLANG_CXX_LANGUAGE_STANDARD = "gnu++0x";
				CLANG_CXX_LIBRARY = "libc++";
				CLANG_ENABLE_MODULES = YES;
				CLANG_ENABLE_OBJC_ARC = YES;
				CLANG_WARN_BOOL_CONVERSION = YES;
				CLANG_WARN_CONSTANT_CONVERSION = YES;
				CLANG_WARN_DIRECT_OBJC_ISA_USAGE = YES_ERROR;
				CLANG_WARN_EMPTY_BODY = YES;
				CLANG_WARN_ENUM_CONVERSION = YES;
				CLANG_WARN_INT_CONVERSION = YES;
				CLANG_WARN_OBJC_ROOT_CLASS = YES_ERROR;
				CLANG_WARN_UNREACHABLE_CODE = YES;
				CLANG_WARN__DUPLICATE_METHOD_MATCH = YES;
				"CODE_SIGN_IDENTITY[sdk=iphoneos*]" = "iPhone Developer";
				COPY_PHASE_STRIP = NO;
				DEBUG_INFORMATION_FORMAT = "dwarf-with-dsym";
				ENABLE_NS_ASSERTIONS = NO;
				ENABLE_STRICT_OBJC_MSGSEND = YES;
				GCC_C_LANGUAGE_STANDARD = gnu99;
				GCC_NO_COMMON_BLOCKS = YES;
				GCC_WARN_64_TO_32_BIT_CONVERSION = YES;
				GCC_WARN_ABOUT_RETURN_TYPE = YES_ERROR;
				GCC_WARN_UNDECLARED_SELECTOR = YES;
				GCC_WARN_UNINITIALIZED_AUTOS = YES_AGGRESSIVE;
				GCC_WARN_UNUSED_FUNCTION = YES;
				GCC_WARN_UNUSED_VARIABLE = YES;
				IPHONEOS_DEPLOYMENT_TARGET = 9.1;
				MTL_ENABLE_DEBUG_INFO = NO;
				SDKROOT = iphoneos;
				VALIDATE_PRODUCT = YES;
			};
			name = Release;
		};
		CEB444F61C1F4BD10060D3FA /* Debug */ = {
			isa = XCBuildConfiguration;
			buildSettings = {
				ASSETCATALOG_COMPILER_APPICON_NAME = AppIcon;
				INFOPLIST_FILE = MyLocationDemo/Info.plist;
				LD_RUNPATH_SEARCH_PATHS = "$(inherited) @executable_path/Frameworks";
				PRODUCT_BUNDLE_IDENTIFIER = com.appcoda.MyLocationDemo;
				PRODUCT_NAME = "$(TARGET_NAME)";
			};
			name = Debug;
		};
		CEB444F71C1F4BD10060D3FA /* Release */ = {
			isa = XCBuildConfiguration;
			buildSettings = {
				ASSETCATALOG_COMPILER_APPICON_NAME = AppIcon;
				INFOPLIST_FILE = MyLocationDemo/Info.plist;
				LD_RUNPATH_SEARCH_PATHS = "$(inherited) @executable_path/Frameworks";
				PRODUCT_BUNDLE_IDENTIFIER = com.appcoda.MyLocationDemo;
				PRODUCT_NAME = "$(TARGET_NAME)";
			};
			name = Release;
		};
/* End XCBuildConfiguration section */

/* Begin XCConfigurationList section */
		CEB444D91C1F4BD10060D3FA /* Build configuration list for PBXProject "MyLocationDemo" */ = {
			isa = XCConfigurationList;
			buildConfigurations = (
				CEB444F31C1F4BD10060D3FA /* Debug */,
				CEB444F41C1F4BD10060D3FA /* Release */,
			);
			defaultConfigurationIsVisible = 0;
			defaultConfigurationName = Release;
		};
		CEB444F51C1F4BD10060D3FA /* Build configuration list for PBXNativeTarget "MyLocationDemo" */ = {
			isa = XCConfigurationList;
			buildConfigurations = (
				CEB444F61C1F4BD10060D3FA /* Debug */,
				CEB444F71C1F4BD10060D3FA /* Release */,
			);
			defaultConfigurationIsVisible = 0;
			defaultConfigurationName = Release;
		};
/* End XCConfigurationList section */
	};
	rootObject = CEB444D61C1F4BD10060D3FA /* Project object */;
}
